// !$*UTF8*$!
{
	archiveVersion = 1;
	classes = {
	};
	objectVersion = 51;
	objects = {

/* Begin PBXBuildFile section */
		693391B22639FAA900C55648 /* GenerationsPresenter.swift in Sources */ = {isa = PBXBuildFile; fileRef = 693391AB2639FAA900C55648 /* GenerationsPresenter.swift */; };
		693391B32639FAA900C55648 /* GenerationsLocalDataManager.swift in Sources */ = {isa = PBXBuildFile; fileRef = 693391AC2639FAA900C55648 /* GenerationsLocalDataManager.swift */; };
		693391B42639FAA900C55648 /* GenerationsProtocols.swift in Sources */ = {isa = PBXBuildFile; fileRef = 693391AD2639FAA900C55648 /* GenerationsProtocols.swift */; };
		693391B52639FAA900C55648 /* GenerationsInteractor.swift in Sources */ = {isa = PBXBuildFile; fileRef = 693391AE2639FAA900C55648 /* GenerationsInteractor.swift */; };
		693391B62639FAA900C55648 /* GenerationsView.swift in Sources */ = {isa = PBXBuildFile; fileRef = 693391AF2639FAA900C55648 /* GenerationsView.swift */; };
		693391B72639FAA900C55648 /* GenerationsRemoteDataManager.swift in Sources */ = {isa = PBXBuildFile; fileRef = 693391B02639FAA900C55648 /* GenerationsRemoteDataManager.swift */; };
		693391B82639FAA900C55648 /* GenerationsWireFrame.swift in Sources */ = {isa = PBXBuildFile; fileRef = 693391B12639FAA900C55648 /* GenerationsWireFrame.swift */; };
		69CE1A7B2637841700BEBF3D /* GenerationCollectionViewCell.swift in Sources */ = {isa = PBXBuildFile; fileRef = 69CE1A792637841700BEBF3D /* GenerationCollectionViewCell.swift */; };
		69CE1A7C2637841700BEBF3D /* GenerationCollectionViewCell.xib in Resources */ = {isa = PBXBuildFile; fileRef = 69CE1A7A2637841700BEBF3D /* GenerationCollectionViewCell.xib */; };
		69E96D2726324A000048E6B4 /* ListPresenter.swift in Sources */ = {isa = PBXBuildFile; fileRef = 69E96D2026324A000048E6B4 /* ListPresenter.swift */; };
		69E96D2826324A000048E6B4 /* ListLocalDataManager.swift in Sources */ = {isa = PBXBuildFile; fileRef = 69E96D2126324A000048E6B4 /* ListLocalDataManager.swift */; };
		69E96D2926324A000048E6B4 /* ListProtocols.swift in Sources */ = {isa = PBXBuildFile; fileRef = 69E96D2226324A000048E6B4 /* ListProtocols.swift */; };
		69E96D2A26324A000048E6B4 /* ListInteractor.swift in Sources */ = {isa = PBXBuildFile; fileRef = 69E96D2326324A000048E6B4 /* ListInteractor.swift */; };
		69E96D2B26324A000048E6B4 /* ListView.swift in Sources */ = {isa = PBXBuildFile; fileRef = 69E96D2426324A000048E6B4 /* ListView.swift */; };
		69E96D2C26324A000048E6B4 /* ListRemoteDataManager.swift in Sources */ = {isa = PBXBuildFile; fileRef = 69E96D2526324A000048E6B4 /* ListRemoteDataManager.swift */; };
		69E96D2D26324A000048E6B4 /* ListWireFrame.swift in Sources */ = {isa = PBXBuildFile; fileRef = 69E96D2626324A000048E6B4 /* ListWireFrame.swift */; };
		69E96D3826324A480048E6B4 /* DetailPresenter.swift in Sources */ = {isa = PBXBuildFile; fileRef = 69E96D3126324A480048E6B4 /* DetailPresenter.swift */; };
		69E96D3926324A480048E6B4 /* DetailLocalDataManager.swift in Sources */ = {isa = PBXBuildFile; fileRef = 69E96D3226324A480048E6B4 /* DetailLocalDataManager.swift */; };
		69E96D3A26324A480048E6B4 /* DetailProtocols.swift in Sources */ = {isa = PBXBuildFile; fileRef = 69E96D3326324A480048E6B4 /* DetailProtocols.swift */; };
		69E96D3B26324A480048E6B4 /* DetailInteractor.swift in Sources */ = {isa = PBXBuildFile; fileRef = 69E96D3426324A480048E6B4 /* DetailInteractor.swift */; };
		69E96D3C26324A480048E6B4 /* DetailView.swift in Sources */ = {isa = PBXBuildFile; fileRef = 69E96D3526324A480048E6B4 /* DetailView.swift */; };
		69E96D3D26324A480048E6B4 /* DetailRemoteDataManager.swift in Sources */ = {isa = PBXBuildFile; fileRef = 69E96D3626324A480048E6B4 /* DetailRemoteDataManager.swift */; };
		69E96D3E26324A480048E6B4 /* DetailWireFrame.swift in Sources */ = {isa = PBXBuildFile; fileRef = 69E96D3726324A480048E6B4 /* DetailWireFrame.swift */; };
		69E96D4126324C180048E6B4 /* ListView.storyboard in Resources */ = {isa = PBXBuildFile; fileRef = 69E96D4026324C180048E6B4 /* ListView.storyboard */; };
		69E96D4626324DA10048E6B4 /* DetailView.storyboard in Resources */ = {isa = PBXBuildFile; fileRef = 69E96D4526324DA10048E6B4 /* DetailView.storyboard */; };
		69E96D4C26336A7A0048E6B4 /* Constants.swift in Sources */ = {isa = PBXBuildFile; fileRef = 69E96D4B26336A7A0048E6B4 /* Constants.swift */; };
		69F76EBB263203ED00420B32 /* AppDelegate.swift in Sources */ = {isa = PBXBuildFile; fileRef = 69F76EBA263203ED00420B32 /* AppDelegate.swift */; };
		69F76EBD263203ED00420B32 /* SceneDelegate.swift in Sources */ = {isa = PBXBuildFile; fileRef = 69F76EBC263203ED00420B32 /* SceneDelegate.swift */; };
		69F76EC4263203EF00420B32 /* Assets.xcassets in Resources */ = {isa = PBXBuildFile; fileRef = 69F76EC3263203EF00420B32 /* Assets.xcassets */; };
		69F76EC7263203EF00420B32 /* LaunchScreen.storyboard in Resources */ = {isa = PBXBuildFile; fileRef = 69F76EC5263203EF00420B32 /* LaunchScreen.storyboard */; };
		79A6C7FD4DD0BC8B715F9998 /* Pods_Pokedex.framework in Frameworks */ = {isa = PBXBuildFile; fileRef = F4507A8BE8607F8930361447 /* Pods_Pokedex.framework */; };
		7EA11CDD2636566100D5E7F2 /* list.graphql in Resources */ = {isa = PBXBuildFile; fileRef = 7EA11CDC2636566100D5E7F2 /* list.graphql */; };
		7EA12C84263637080094951E /* PokeApiService.swift in Sources */ = {isa = PBXBuildFile; fileRef = 7EA12C83263637080094951E /* PokeApiService.swift */; };
		7EA12C9526363AAD0094951E /* schema.json in Resources */ = {isa = PBXBuildFile; fileRef = 7EA12C9426363AAD0094951E /* schema.json */; };
		7EC885AB263712670065CA92 /* detail.graphql in Resources */ = {isa = PBXBuildFile; fileRef = 7EC885AA263712670065CA92 /* detail.graphql */; };
		7EC885B4263712DD0065CA92 /* API.swift in Sources */ = {isa = PBXBuildFile; fileRef = 7EC885B3263712DD0065CA92 /* API.swift */; };
/* End PBXBuildFile section */

/* Begin PBXFileReference section */
		693391AB2639FAA900C55648 /* GenerationsPresenter.swift */ = {isa = PBXFileReference; lastKnownFileType = sourcecode.swift; path = GenerationsPresenter.swift; sourceTree = "<group>"; };
		693391AC2639FAA900C55648 /* GenerationsLocalDataManager.swift */ = {isa = PBXFileReference; lastKnownFileType = sourcecode.swift; path = GenerationsLocalDataManager.swift; sourceTree = "<group>"; };
		693391AD2639FAA900C55648 /* GenerationsProtocols.swift */ = {isa = PBXFileReference; lastKnownFileType = sourcecode.swift; path = GenerationsProtocols.swift; sourceTree = "<group>"; };
		693391AE2639FAA900C55648 /* GenerationsInteractor.swift */ = {isa = PBXFileReference; lastKnownFileType = sourcecode.swift; path = GenerationsInteractor.swift; sourceTree = "<group>"; };
		693391AF2639FAA900C55648 /* GenerationsView.swift */ = {isa = PBXFileReference; lastKnownFileType = sourcecode.swift; path = GenerationsView.swift; sourceTree = "<group>"; };
		693391B02639FAA900C55648 /* GenerationsRemoteDataManager.swift */ = {isa = PBXFileReference; lastKnownFileType = sourcecode.swift; path = GenerationsRemoteDataManager.swift; sourceTree = "<group>"; };
		693391B12639FAA900C55648 /* GenerationsWireFrame.swift */ = {isa = PBXFileReference; lastKnownFileType = sourcecode.swift; path = GenerationsWireFrame.swift; sourceTree = "<group>"; };
		69CE1A792637841700BEBF3D /* GenerationCollectionViewCell.swift */ = {isa = PBXFileReference; lastKnownFileType = sourcecode.swift; path = GenerationCollectionViewCell.swift; sourceTree = "<group>"; };
		69CE1A7A2637841700BEBF3D /* GenerationCollectionViewCell.xib */ = {isa = PBXFileReference; lastKnownFileType = file.xib; path = GenerationCollectionViewCell.xib; sourceTree = "<group>"; };
		69E96D2026324A000048E6B4 /* ListPresenter.swift */ = {isa = PBXFileReference; lastKnownFileType = sourcecode.swift; path = ListPresenter.swift; sourceTree = "<group>"; };
		69E96D2126324A000048E6B4 /* ListLocalDataManager.swift */ = {isa = PBXFileReference; lastKnownFileType = sourcecode.swift; path = ListLocalDataManager.swift; sourceTree = "<group>"; };
		69E96D2226324A000048E6B4 /* ListProtocols.swift */ = {isa = PBXFileReference; lastKnownFileType = sourcecode.swift; path = ListProtocols.swift; sourceTree = "<group>"; };
		69E96D2326324A000048E6B4 /* ListInteractor.swift */ = {isa = PBXFileReference; lastKnownFileType = sourcecode.swift; path = ListInteractor.swift; sourceTree = "<group>"; };
		69E96D2426324A000048E6B4 /* ListView.swift */ = {isa = PBXFileReference; lastKnownFileType = sourcecode.swift; path = ListView.swift; sourceTree = "<group>"; };
		69E96D2526324A000048E6B4 /* ListRemoteDataManager.swift */ = {isa = PBXFileReference; lastKnownFileType = sourcecode.swift; path = ListRemoteDataManager.swift; sourceTree = "<group>"; };
		69E96D2626324A000048E6B4 /* ListWireFrame.swift */ = {isa = PBXFileReference; lastKnownFileType = sourcecode.swift; path = ListWireFrame.swift; sourceTree = "<group>"; };
		69E96D3126324A480048E6B4 /* DetailPresenter.swift */ = {isa = PBXFileReference; lastKnownFileType = sourcecode.swift; path = DetailPresenter.swift; sourceTree = "<group>"; };
		69E96D3226324A480048E6B4 /* DetailLocalDataManager.swift */ = {isa = PBXFileReference; lastKnownFileType = sourcecode.swift; path = DetailLocalDataManager.swift; sourceTree = "<group>"; };
		69E96D3326324A480048E6B4 /* DetailProtocols.swift */ = {isa = PBXFileReference; lastKnownFileType = sourcecode.swift; path = DetailProtocols.swift; sourceTree = "<group>"; };
		69E96D3426324A480048E6B4 /* DetailInteractor.swift */ = {isa = PBXFileReference; lastKnownFileType = sourcecode.swift; path = DetailInteractor.swift; sourceTree = "<group>"; };
		69E96D3526324A480048E6B4 /* DetailView.swift */ = {isa = PBXFileReference; lastKnownFileType = sourcecode.swift; path = DetailView.swift; sourceTree = "<group>"; };
		69E96D3626324A480048E6B4 /* DetailRemoteDataManager.swift */ = {isa = PBXFileReference; lastKnownFileType = sourcecode.swift; path = DetailRemoteDataManager.swift; sourceTree = "<group>"; };
		69E96D3726324A480048E6B4 /* DetailWireFrame.swift */ = {isa = PBXFileReference; lastKnownFileType = sourcecode.swift; path = DetailWireFrame.swift; sourceTree = "<group>"; };
		69E96D4026324C180048E6B4 /* ListView.storyboard */ = {isa = PBXFileReference; lastKnownFileType = file.storyboard; path = ListView.storyboard; sourceTree = "<group>"; };
		69E96D4526324DA10048E6B4 /* DetailView.storyboard */ = {isa = PBXFileReference; lastKnownFileType = file.storyboard; path = DetailView.storyboard; sourceTree = "<group>"; };
		69E96D4B26336A7A0048E6B4 /* Constants.swift */ = {isa = PBXFileReference; lastKnownFileType = sourcecode.swift; path = Constants.swift; sourceTree = "<group>"; };
		69F76EB7263203ED00420B32 /* Pokedex.app */ = {isa = PBXFileReference; explicitFileType = wrapper.application; includeInIndex = 0; path = Pokedex.app; sourceTree = BUILT_PRODUCTS_DIR; };
		69F76EBA263203ED00420B32 /* AppDelegate.swift */ = {isa = PBXFileReference; lastKnownFileType = sourcecode.swift; path = AppDelegate.swift; sourceTree = "<group>"; };
		69F76EBC263203ED00420B32 /* SceneDelegate.swift */ = {isa = PBXFileReference; lastKnownFileType = sourcecode.swift; path = SceneDelegate.swift; sourceTree = "<group>"; };
		69F76EC3263203EF00420B32 /* Assets.xcassets */ = {isa = PBXFileReference; lastKnownFileType = folder.assetcatalog; path = Assets.xcassets; sourceTree = "<group>"; };
		69F76EC6263203EF00420B32 /* Base */ = {isa = PBXFileReference; lastKnownFileType = file.storyboard; name = Base; path = Base.lproj/LaunchScreen.storyboard; sourceTree = "<group>"; };
		69F76EC8263203EF00420B32 /* Info.plist */ = {isa = PBXFileReference; lastKnownFileType = text.plist.xml; path = Info.plist; sourceTree = "<group>"; };
		7EA11CDC2636566100D5E7F2 /* list.graphql */ = {isa = PBXFileReference; lastKnownFileType = text; path = list.graphql; sourceTree = "<group>"; };
		7EA12C83263637080094951E /* PokeApiService.swift */ = {isa = PBXFileReference; lastKnownFileType = sourcecode.swift; path = PokeApiService.swift; sourceTree = "<group>"; };
		7EA12C9426363AAD0094951E /* schema.json */ = {isa = PBXFileReference; fileEncoding = 4; lastKnownFileType = text.json; path = schema.json; sourceTree = "<group>"; };
		7EC885AA263712670065CA92 /* detail.graphql */ = {isa = PBXFileReference; lastKnownFileType = text; path = detail.graphql; sourceTree = "<group>"; };
		7EC885B3263712DD0065CA92 /* API.swift */ = {isa = PBXFileReference; fileEncoding = 4; lastKnownFileType = sourcecode.swift; path = API.swift; sourceTree = "<group>"; };
		A80A91E01D29DDC2ED5E62DA /* Pods-Pokedex.release.xcconfig */ = {isa = PBXFileReference; includeInIndex = 1; lastKnownFileType = text.xcconfig; name = "Pods-Pokedex.release.xcconfig"; path = "Target Support Files/Pods-Pokedex/Pods-Pokedex.release.xcconfig"; sourceTree = "<group>"; };
		D4707FE863147B40D898CF80 /* Pods-Pokedex.debug.xcconfig */ = {isa = PBXFileReference; includeInIndex = 1; lastKnownFileType = text.xcconfig; name = "Pods-Pokedex.debug.xcconfig"; path = "Target Support Files/Pods-Pokedex/Pods-Pokedex.debug.xcconfig"; sourceTree = "<group>"; };
		F4507A8BE8607F8930361447 /* Pods_Pokedex.framework */ = {isa = PBXFileReference; explicitFileType = wrapper.framework; includeInIndex = 0; path = Pods_Pokedex.framework; sourceTree = BUILT_PRODUCTS_DIR; };
/* End PBXFileReference section */

/* Begin PBXFrameworksBuildPhase section */
		69F76EB4263203ED00420B32 /* Frameworks */ = {
			isa = PBXFrameworksBuildPhase;
			buildActionMask = 2147483647;
			files = (
				79A6C7FD4DD0BC8B715F9998 /* Pods_Pokedex.framework in Frameworks */,
			);
			runOnlyForDeploymentPostprocessing = 0;
		};
/* End PBXFrameworksBuildPhase section */

/* Begin PBXGroup section */
		6911120826384D9F00795C2A /* CollectionView */ = {
			isa = PBXGroup;
			children = (
				69CE1A76263783A800BEBF3D /* CollectionViewCell */,
				693391AB2639FAA900C55648 /* GenerationsPresenter.swift */,
				693391AC2639FAA900C55648 /* GenerationsLocalDataManager.swift */,
				693391AD2639FAA900C55648 /* GenerationsProtocols.swift */,
				693391AE2639FAA900C55648 /* GenerationsInteractor.swift */,
				693391AF2639FAA900C55648 /* GenerationsView.swift */,
				693391B02639FAA900C55648 /* GenerationsRemoteDataManager.swift */,
				693391B12639FAA900C55648 /* GenerationsWireFrame.swift */,
			);
			path = CollectionView;
			sourceTree = "<group>";
		};
		69CE1A75263783A100BEBF3D /* Generations */ = {
			isa = PBXGroup;
			children = (
				6911120826384D9F00795C2A /* CollectionView */,
			);
			path = Generations;
			sourceTree = "<group>";
		};
		69CE1A76263783A800BEBF3D /* CollectionViewCell */ = {
			isa = PBXGroup;
			children = (
				69CE1A792637841700BEBF3D /* GenerationCollectionViewCell.swift */,
				69CE1A7A2637841700BEBF3D /* GenerationCollectionViewCell.xib */,
			);
			path = CollectionViewCell;
			sourceTree = "<group>";
		};
		69E96D1F263249E40048E6B4 /* List */ = {
			isa = PBXGroup;
			children = (
				69CE1A75263783A100BEBF3D /* Generations */,
				69E96D2026324A000048E6B4 /* ListPresenter.swift */,
				69E96D2126324A000048E6B4 /* ListLocalDataManager.swift */,
				69E96D2226324A000048E6B4 /* ListProtocols.swift */,
				69E96D2326324A000048E6B4 /* ListInteractor.swift */,
				69E96D2426324A000048E6B4 /* ListView.swift */,
				69E96D2526324A000048E6B4 /* ListRemoteDataManager.swift */,
				69E96D2626324A000048E6B4 /* ListWireFrame.swift */,
				69E96D4026324C180048E6B4 /* ListView.storyboard */,
			);
			path = List;
			sourceTree = "<group>";
		};
		69E96D3026324A3B0048E6B4 /* Detail */ = {
			isa = PBXGroup;
			children = (
				69E96D3126324A480048E6B4 /* DetailPresenter.swift */,
				69E96D3226324A480048E6B4 /* DetailLocalDataManager.swift */,
				69E96D3326324A480048E6B4 /* DetailProtocols.swift */,
				69E96D3426324A480048E6B4 /* DetailInteractor.swift */,
				69E96D3526324A480048E6B4 /* DetailView.swift */,
				69E96D3626324A480048E6B4 /* DetailRemoteDataManager.swift */,
				69E96D3726324A480048E6B4 /* DetailWireFrame.swift */,
				69E96D4526324DA10048E6B4 /* DetailView.storyboard */,
			);
			path = Detail;
			sourceTree = "<group>";
		};
		69E96D48263369D90048E6B4 /* Supporting */ = {
			isa = PBXGroup;
			children = (
				69F76EC8263203EF00420B32 /* Info.plist */,
				69E96D4B26336A7A0048E6B4 /* Constants.swift */,
				7EA12C9426363AAD0094951E /* schema.json */,
				7EA11CDC2636566100D5E7F2 /* list.graphql */,
				7EC885AA263712670065CA92 /* detail.graphql */,
			);
			path = Supporting;
			sourceTree = "<group>";
		};
		69F76EAE263203ED00420B32 = {
			isa = PBXGroup;
			children = (
				69F76EB9263203ED00420B32 /* Pokedex */,
				69F76EB8263203ED00420B32 /* Products */,
				EFAD1C72A1BB5AD4E85036F4 /* Pods */,
				B2094FDB9ACB4A748D9BE7FB /* Frameworks */,
			);
			sourceTree = "<group>";
		};
		69F76EB8263203ED00420B32 /* Products */ = {
			isa = PBXGroup;
			children = (
				69F76EB7263203ED00420B32 /* Pokedex.app */,
			);
			name = Products;
			sourceTree = "<group>";
		};
		69F76EB9263203ED00420B32 /* Pokedex */ = {
			isa = PBXGroup;
			children = (
				7EC8857F263703850065CA92 /* NetworkingServices */,
				69E96D3026324A3B0048E6B4 /* Detail */,
				69E96D1F263249E40048E6B4 /* List */,
				69E96D48263369D90048E6B4 /* Supporting */,
				69F76EBA263203ED00420B32 /* AppDelegate.swift */,
				69F76EBC263203ED00420B32 /* SceneDelegate.swift */,
				69F76EC3263203EF00420B32 /* Assets.xcassets */,
				69F76EC5263203EF00420B32 /* LaunchScreen.storyboard */,
			);
			path = Pokedex;
			sourceTree = "<group>";
		};
		7EC8857F263703850065CA92 /* NetworkingServices */ = {
			isa = PBXGroup;
			children = (
				7EC885B3263712DD0065CA92 /* API.swift */,
				7EA12C83263637080094951E /* PokeApiService.swift */,
			);
			path = NetworkingServices;
			sourceTree = "<group>";
		};
		B2094FDB9ACB4A748D9BE7FB /* Frameworks */ = {
			isa = PBXGroup;
			children = (
				F4507A8BE8607F8930361447 /* Pods_Pokedex.framework */,
			);
			name = Frameworks;
			sourceTree = "<group>";
		};
		EFAD1C72A1BB5AD4E85036F4 /* Pods */ = {
			isa = PBXGroup;
			children = (
				D4707FE863147B40D898CF80 /* Pods-Pokedex.debug.xcconfig */,
				A80A91E01D29DDC2ED5E62DA /* Pods-Pokedex.release.xcconfig */,
			);
			path = Pods;
			sourceTree = "<group>";
		};
/* End PBXGroup section */

/* Begin PBXNativeTarget section */
		69F76EB6263203ED00420B32 /* Pokedex */ = {
			isa = PBXNativeTarget;
			buildConfigurationList = 69F76ECB263203EF00420B32 /* Build configuration list for PBXNativeTarget "Pokedex" */;
			buildPhases = (
				C851EB4A44958B4A1D8BEB7C /* [CP] Check Pods Manifest.lock */,
				7EA11CE02636587A00D5E7F2 /* Generate Apollo GraphQL API */,
				69F76EB3263203ED00420B32 /* Sources */,
				69F76EB4263203ED00420B32 /* Frameworks */,
				69F76EB5263203ED00420B32 /* Resources */,
				13772C92EC48590CA69C6043 /* [CP] Embed Pods Frameworks */,
			);
			buildRules = (
			);
			dependencies = (
			);
			name = Pokedex;
			productName = Pokedex;
			productReference = 69F76EB7263203ED00420B32 /* Pokedex.app */;
			productType = "com.apple.product-type.application";
		};
/* End PBXNativeTarget section */

/* Begin PBXProject section */
		69F76EAF263203ED00420B32 /* Project object */ = {
			isa = PBXProject;
			attributes = {
				LastSwiftUpdateCheck = 1240;
				LastUpgradeCheck = 1240;
				TargetAttributes = {
					69F76EB6263203ED00420B32 = {
						CreatedOnToolsVersion = 12.4;
					};
				};
			};
			buildConfigurationList = 69F76EB2263203ED00420B32 /* Build configuration list for PBXProject "Pokedex" */;
			compatibilityVersion = "Xcode 9.3";
			developmentRegion = en;
			hasScannedForEncodings = 0;
			knownRegions = (
				en,
				Base,
			);
			mainGroup = 69F76EAE263203ED00420B32;
			productRefGroup = 69F76EB8263203ED00420B32 /* Products */;
			projectDirPath = "";
			projectRoot = "";
			targets = (
				69F76EB6263203ED00420B32 /* Pokedex */,
			);
		};
/* End PBXProject section */

/* Begin PBXResourcesBuildPhase section */
		69F76EB5263203ED00420B32 /* Resources */ = {
			isa = PBXResourcesBuildPhase;
			buildActionMask = 2147483647;
			files = (
				69CE1A7C2637841700BEBF3D /* GenerationCollectionViewCell.xib in Resources */,
				69F76EC7263203EF00420B32 /* LaunchScreen.storyboard in Resources */,
				7EA11CDD2636566100D5E7F2 /* list.graphql in Resources */,
				7EC885AB263712670065CA92 /* detail.graphql in Resources */,
				69E96D4126324C180048E6B4 /* ListView.storyboard in Resources */,
				69E96D4626324DA10048E6B4 /* DetailView.storyboard in Resources */,
				7EA12C9526363AAD0094951E /* schema.json in Resources */,
				69F76EC4263203EF00420B32 /* Assets.xcassets in Resources */,
			);
			runOnlyForDeploymentPostprocessing = 0;
		};
/* End PBXResourcesBuildPhase section */

/* Begin PBXShellScriptBuildPhase section */
		13772C92EC48590CA69C6043 /* [CP] Embed Pods Frameworks */ = {
			isa = PBXShellScriptBuildPhase;
			buildActionMask = 2147483647;
			files = (
			);
			inputFileListPaths = (
				"${PODS_ROOT}/Target Support Files/Pods-Pokedex/Pods-Pokedex-frameworks-${CONFIGURATION}-input-files.xcfilelist",
			);
			name = "[CP] Embed Pods Frameworks";
			outputFileListPaths = (
				"${PODS_ROOT}/Target Support Files/Pods-Pokedex/Pods-Pokedex-frameworks-${CONFIGURATION}-output-files.xcfilelist",
			);
			runOnlyForDeploymentPostprocessing = 0;
			shellPath = /bin/sh;
			shellScript = "\"${PODS_ROOT}/Target Support Files/Pods-Pokedex/Pods-Pokedex-frameworks.sh\"\n";
			showEnvVarsInLog = 0;
		};
		7EA11CE02636587A00D5E7F2 /* Generate Apollo GraphQL API */ = {
			isa = PBXShellScriptBuildPhase;
			buildActionMask = 2147483647;
			files = (
			);
			inputFileListPaths = (
			);
			inputPaths = (
				"$(SRCROOT)/**/*.graphql",
			);
			name = "Generate Apollo GraphQL API";
			outputFileListPaths = (
			);
			outputPaths = (
				"$(SRCROOT)/NetworkingServices/API.swift",
			);
			runOnlyForDeploymentPostprocessing = 0;
			shellPath = /bin/sh;
			shellScript = "SCRIPT_PATH=\"${PODS_ROOT}/Apollo/scripts\"\ncd \"${SRCROOT}/${TARGET_NAME}\"\n\"${SCRIPT_PATH}\"/run-bundled-codegen.sh codegen:generate --target=swift --includes=./**/*.graphql --localSchemaFile=\"Supporting/schema.json\" NetworkingServices/API.swift\n\n";
		};
		C851EB4A44958B4A1D8BEB7C /* [CP] Check Pods Manifest.lock */ = {
			isa = PBXShellScriptBuildPhase;
			buildActionMask = 2147483647;
			files = (
			);
			inputFileListPaths = (
			);
			inputPaths = (
				"${PODS_PODFILE_DIR_PATH}/Podfile.lock",
				"${PODS_ROOT}/Manifest.lock",
			);
			name = "[CP] Check Pods Manifest.lock";
			outputFileListPaths = (
			);
			outputPaths = (
				"$(DERIVED_FILE_DIR)/Pods-Pokedex-checkManifestLockResult.txt",
			);
			runOnlyForDeploymentPostprocessing = 0;
			shellPath = /bin/sh;
			shellScript = "diff \"${PODS_PODFILE_DIR_PATH}/Podfile.lock\" \"${PODS_ROOT}/Manifest.lock\" > /dev/null\nif [ $? != 0 ] ; then\n    # print error to STDERR\n    echo \"error: The sandbox is not in sync with the Podfile.lock. Run 'pod install' or update your CocoaPods installation.\" >&2\n    exit 1\nfi\n# This output is used by Xcode 'outputs' to avoid re-running this script phase.\necho \"SUCCESS\" > \"${SCRIPT_OUTPUT_FILE_0}\"\n";
			showEnvVarsInLog = 0;
		};
/* End PBXShellScriptBuildPhase section */

/* Begin PBXSourcesBuildPhase section */
		69F76EB3263203ED00420B32 /* Sources */ = {
			isa = PBXSourcesBuildPhase;
			buildActionMask = 2147483647;
			files = (
				693391B82639FAA900C55648 /* GenerationsWireFrame.swift in Sources */,
				693391B52639FAA900C55648 /* GenerationsInteractor.swift in Sources */,
				69E96D2B26324A000048E6B4 /* ListView.swift in Sources */,
				7EC885B4263712DD0065CA92 /* API.swift in Sources */,
				7EA12C84263637080094951E /* PokeApiService.swift in Sources */,
				693391B62639FAA900C55648 /* GenerationsView.swift in Sources */,
				69E96D4C26336A7A0048E6B4 /* Constants.swift in Sources */,
				69E96D3E26324A480048E6B4 /* DetailWireFrame.swift in Sources */,
				69E96D3926324A480048E6B4 /* DetailLocalDataManager.swift in Sources */,
				69F76EBB263203ED00420B32 /* AppDelegate.swift in Sources */,
				69E96D2826324A000048E6B4 /* ListLocalDataManager.swift in Sources */,
				69E96D3826324A480048E6B4 /* DetailPresenter.swift in Sources */,
				69E96D3A26324A480048E6B4 /* DetailProtocols.swift in Sources */,
				69E96D2A26324A000048E6B4 /* ListInteractor.swift in Sources */,
				693391B22639FAA900C55648 /* GenerationsPresenter.swift in Sources */,
				69E96D2726324A000048E6B4 /* ListPresenter.swift in Sources */,
				69CE1A7B2637841700BEBF3D /* GenerationCollectionViewCell.swift in Sources */,
				69E96D2D26324A000048E6B4 /* ListWireFrame.swift in Sources */,
				693391B72639FAA900C55648 /* GenerationsRemoteDataManager.swift in Sources */,
				693391B42639FAA900C55648 /* GenerationsProtocols.swift in Sources */,
				69F76EBD263203ED00420B32 /* SceneDelegate.swift in Sources */,
				69E96D3B26324A480048E6B4 /* DetailInteractor.swift in Sources */,
				693391B32639FAA900C55648 /* GenerationsLocalDataManager.swift in Sources */,
				69E96D3D26324A480048E6B4 /* DetailRemoteDataManager.swift in Sources */,
				69E96D2926324A000048E6B4 /* ListProtocols.swift in Sources */,
				69E96D3C26324A480048E6B4 /* DetailView.swift in Sources */,
				69E96D2C26324A000048E6B4 /* ListRemoteDataManager.swift in Sources */,
			);
			runOnlyForDeploymentPostprocessing = 0;
		};
/* End PBXSourcesBuildPhase section */

/* Begin PBXVariantGroup section */
		69F76EC5263203EF00420B32 /* LaunchScreen.storyboard */ = {
			isa = PBXVariantGroup;
			children = (
				69F76EC6263203EF00420B32 /* Base */,
			);
			name = LaunchScreen.storyboard;
			sourceTree = "<group>";
		};
/* End PBXVariantGroup section */

/* Begin XCBuildConfiguration section */
		69F76EC9263203EF00420B32 /* Debug */ = {
			isa = XCBuildConfiguration;
			buildSettings = {
				ALWAYS_SEARCH_USER_PATHS = NO;
				CLANG_ANALYZER_NONNULL = YES;
				CLANG_ANALYZER_NUMBER_OBJECT_CONVERSION = YES_AGGRESSIVE;
				CLANG_CXX_LANGUAGE_STANDARD = "gnu++14";
				CLANG_CXX_LIBRARY = "libc++";
				CLANG_ENABLE_MODULES = YES;
				CLANG_ENABLE_OBJC_ARC = YES;
				CLANG_ENABLE_OBJC_WEAK = YES;
				CLANG_WARN_BLOCK_CAPTURE_AUTORELEASING = YES;
				CLANG_WARN_BOOL_CONVERSION = YES;
				CLANG_WARN_COMMA = YES;
				CLANG_WARN_CONSTANT_CONVERSION = YES;
				CLANG_WARN_DEPRECATED_OBJC_IMPLEMENTATIONS = YES;
				CLANG_WARN_DIRECT_OBJC_ISA_USAGE = YES_ERROR;
				CLANG_WARN_DOCUMENTATION_COMMENTS = YES;
				CLANG_WARN_EMPTY_BODY = YES;
				CLANG_WARN_ENUM_CONVERSION = YES;
				CLANG_WARN_INFINITE_RECURSION = YES;
				CLANG_WARN_INT_CONVERSION = YES;
				CLANG_WARN_NON_LITERAL_NULL_CONVERSION = YES;
				CLANG_WARN_OBJC_IMPLICIT_RETAIN_SELF = YES;
				CLANG_WARN_OBJC_LITERAL_CONVERSION = YES;
				CLANG_WARN_OBJC_ROOT_CLASS = YES_ERROR;
				CLANG_WARN_QUOTED_INCLUDE_IN_FRAMEWORK_HEADER = YES;
				CLANG_WARN_RANGE_LOOP_ANALYSIS = YES;
				CLANG_WARN_STRICT_PROTOTYPES = YES;
				CLANG_WARN_SUSPICIOUS_MOVE = YES;
				CLANG_WARN_UNGUARDED_AVAILABILITY = YES_AGGRESSIVE;
				CLANG_WARN_UNREACHABLE_CODE = YES;
				CLANG_WARN__DUPLICATE_METHOD_MATCH = YES;
				COPY_PHASE_STRIP = NO;
				DEBUG_INFORMATION_FORMAT = dwarf;
				ENABLE_STRICT_OBJC_MSGSEND = YES;
				ENABLE_TESTABILITY = YES;
				GCC_C_LANGUAGE_STANDARD = gnu11;
				GCC_DYNAMIC_NO_PIC = NO;
				GCC_NO_COMMON_BLOCKS = YES;
				GCC_OPTIMIZATION_LEVEL = 0;
				GCC_PREPROCESSOR_DEFINITIONS = (
					"DEBUG=1",
					"$(inherited)",
				);
				GCC_WARN_64_TO_32_BIT_CONVERSION = YES;
				GCC_WARN_ABOUT_RETURN_TYPE = YES_ERROR;
				GCC_WARN_UNDECLARED_SELECTOR = YES;
				GCC_WARN_UNINITIALIZED_AUTOS = YES_AGGRESSIVE;
				GCC_WARN_UNUSED_FUNCTION = YES;
				GCC_WARN_UNUSED_VARIABLE = YES;
				IPHONEOS_DEPLOYMENT_TARGET = 14.4;
				MTL_ENABLE_DEBUG_INFO = INCLUDE_SOURCE;
				MTL_FAST_MATH = YES;
				ONLY_ACTIVE_ARCH = YES;
				SDKROOT = iphoneos;
				SWIFT_ACTIVE_COMPILATION_CONDITIONS = DEBUG;
				SWIFT_OPTIMIZATION_LEVEL = "-Onone";
			};
			name = Debug;
		};
		69F76ECA263203EF00420B32 /* Release */ = {
			isa = XCBuildConfiguration;
			buildSettings = {
				ALWAYS_SEARCH_USER_PATHS = NO;
				CLANG_ANALYZER_NONNULL = YES;
				CLANG_ANALYZER_NUMBER_OBJECT_CONVERSION = YES_AGGRESSIVE;
				CLANG_CXX_LANGUAGE_STANDARD = "gnu++14";
				CLANG_CXX_LIBRARY = "libc++";
				CLANG_ENABLE_MODULES = YES;
				CLANG_ENABLE_OBJC_ARC = YES;
				CLANG_ENABLE_OBJC_WEAK = YES;
				CLANG_WARN_BLOCK_CAPTURE_AUTORELEASING = YES;
				CLANG_WARN_BOOL_CONVERSION = YES;
				CLANG_WARN_COMMA = YES;
				CLANG_WARN_CONSTANT_CONVERSION = YES;
				CLANG_WARN_DEPRECATED_OBJC_IMPLEMENTATIONS = YES;
				CLANG_WARN_DIRECT_OBJC_ISA_USAGE = YES_ERROR;
				CLANG_WARN_DOCUMENTATION_COMMENTS = YES;
				CLANG_WARN_EMPTY_BODY = YES;
				CLANG_WARN_ENUM_CONVERSION = YES;
				CLANG_WARN_INFINITE_RECURSION = YES;
				CLANG_WARN_INT_CONVERSION = YES;
				CLANG_WARN_NON_LITERAL_NULL_CONVERSION = YES;
				CLANG_WARN_OBJC_IMPLICIT_RETAIN_SELF = YES;
				CLANG_WARN_OBJC_LITERAL_CONVERSION = YES;
				CLANG_WARN_OBJC_ROOT_CLASS = YES_ERROR;
				CLANG_WARN_QUOTED_INCLUDE_IN_FRAMEWORK_HEADER = YES;
				CLANG_WARN_RANGE_LOOP_ANALYSIS = YES;
				CLANG_WARN_STRICT_PROTOTYPES = YES;
				CLANG_WARN_SUSPICIOUS_MOVE = YES;
				CLANG_WARN_UNGUARDED_AVAILABILITY = YES_AGGRESSIVE;
				CLANG_WARN_UNREACHABLE_CODE = YES;
				CLANG_WARN__DUPLICATE_METHOD_MATCH = YES;
				COPY_PHASE_STRIP = NO;
				DEBUG_INFORMATION_FORMAT = "dwarf-with-dsym";
				ENABLE_NS_ASSERTIONS = NO;
				ENABLE_STRICT_OBJC_MSGSEND = YES;
				GCC_C_LANGUAGE_STANDARD = gnu11;
				GCC_NO_COMMON_BLOCKS = YES;
				GCC_WARN_64_TO_32_BIT_CONVERSION = YES;
				GCC_WARN_ABOUT_RETURN_TYPE = YES_ERROR;
				GCC_WARN_UNDECLARED_SELECTOR = YES;
				GCC_WARN_UNINITIALIZED_AUTOS = YES_AGGRESSIVE;
				GCC_WARN_UNUSED_FUNCTION = YES;
				GCC_WARN_UNUSED_VARIABLE = YES;
				IPHONEOS_DEPLOYMENT_TARGET = 14.4;
				MTL_ENABLE_DEBUG_INFO = NO;
				MTL_FAST_MATH = YES;
				SDKROOT = iphoneos;
				SWIFT_COMPILATION_MODE = wholemodule;
				SWIFT_OPTIMIZATION_LEVEL = "-O";
				VALIDATE_PRODUCT = YES;
			};
			name = Release;
		};
		69F76ECC263203EF00420B32 /* Debug */ = {
			isa = XCBuildConfiguration;
			baseConfigurationReference = D4707FE863147B40D898CF80 /* Pods-Pokedex.debug.xcconfig */;
			buildSettings = {
				ASSETCATALOG_COMPILER_APPICON_NAME = AppIcon;
				ASSETCATALOG_COMPILER_GLOBAL_ACCENT_COLOR_NAME = AccentColor;
				CODE_SIGN_STYLE = Automatic;
				DEVELOPMENT_TEAM = 2VFG22J23H;
				INFOPLIST_FILE = "$(SRCROOT)/Pokedex/Supporting/Info.plist";
				LD_RUNPATH_SEARCH_PATHS = (
					"$(inherited)",
					"@executable_path/Frameworks",
				);
				PRODUCT_BUNDLE_IDENTIFIER = com.CristianAlmendro.Pokedex;
				PRODUCT_NAME = "$(TARGET_NAME)";
				SWIFT_VERSION = 5.0;
				TARGETED_DEVICE_FAMILY = 1;
			};
			name = Debug;
		};
		69F76ECD263203EF00420B32 /* Release */ = {
			isa = XCBuildConfiguration;
			baseConfigurationReference = A80A91E01D29DDC2ED5E62DA /* Pods-Pokedex.release.xcconfig */;
			buildSettings = {
				ASSETCATALOG_COMPILER_APPICON_NAME = AppIcon;
				ASSETCATALOG_COMPILER_GLOBAL_ACCENT_COLOR_NAME = AccentColor;
				CODE_SIGN_STYLE = Automatic;
				DEVELOPMENT_TEAM = 2VFG22J23H;
				INFOPLIST_FILE = "$(SRCROOT)/Pokedex/Supporting/Info.plist";
				LD_RUNPATH_SEARCH_PATHS = (
					"$(inherited)",
					"@executable_path/Frameworks",
				);
				PRODUCT_BUNDLE_IDENTIFIER = com.CristianAlmendro.Pokedex;
				PRODUCT_NAME = "$(TARGET_NAME)";
				SWIFT_VERSION = 5.0;
				TARGETED_DEVICE_FAMILY = 1;
			};
			name = Release;
		};
/* End XCBuildConfiguration section */

/* Begin XCConfigurationList section */
		69F76EB2263203ED00420B32 /* Build configuration list for PBXProject "Pokedex" */ = {
			isa = XCConfigurationList;
			buildConfigurations = (
				69F76EC9263203EF00420B32 /* Debug */,
				69F76ECA263203EF00420B32 /* Release */,
			);
			defaultConfigurationIsVisible = 0;
			defaultConfigurationName = Release;
		};
		69F76ECB263203EF00420B32 /* Build configuration list for PBXNativeTarget "Pokedex" */ = {
			isa = XCConfigurationList;
			buildConfigurations = (
				69F76ECC263203EF00420B32 /* Debug */,
				69F76ECD263203EF00420B32 /* Release */,
			);
			defaultConfigurationIsVisible = 0;
			defaultConfigurationName = Release;
		};
/* End XCConfigurationList section */
	};
	rootObject = 69F76EAF263203ED00420B32 /* Project object */;
}
